
Microsoft Visual Studio Solution File, Format Version 12.00
# Visual Studio Version 17
VisualStudioVersion = 17.9.34728.123
MinimumVisualStudioVersion = 10.0.40219.1
Project("{FAE04EC0-301F-11D3-BF4B-00C04F79EFBC}") = "iplocator", "iplocator\iplocator.csproj", "{35E1AE1E-F10D-4C54-A160-FA5155F3C230}"
EndProject
Global
	GlobalSection(SolutionConfigurationPlatforms) = preSolution
		Debug|Any CPU = Debug|Any CPU
		Release|Any CPU = Release|Any CPU
	EndGlobalSection
	GlobalSection(ProjectConfigurationPlatforms) = postSolution
		{35E1AE1E-F10D-4C54-A160-FA5155F3C230}.Debug|Any CPU.ActiveCfg = Debug|Any CPU
		{35E1AE1E-F10D-4C54-A160-FA5155F3C230}.Debug|Any CPU.Build.0 = Debug|Any CPU
		{35E1AE1E-F10D-4C54-A160-FA5155F3C230}.Release|Any CPU.ActiveCfg = Release|Any CPU
		{35E1AE1E-F10D-4C54-A160-FA5155F3C230}.Release|Any CPU.Build.0 = Release|Any CPU
	EndGlobalSection
	GlobalSection(SolutionProperties) = preSolution
		HideSolutionNode = FALSE
	EndGlobalSection
	GlobalSection(ExtensibilityGlobals) = postSolution
		SolutionGuid = {65E1AC4D-EC3B-4F63-9DA6-7FFE2D50B8E8}
	EndGlobalSection
EndGlobal
